
Microsoft Visual Studio Solution File, Format Version 12.00
# Visual Studio Version 16
VisualStudioVersion = 16.0.32802.440
MinimumVisualStudioVersion = 10.0.40219.1
Project("{FAE04EC0-301F-11D3-BF4B-00C04F79EFBC}") = "Mobile Fitness Tracker.Android", "Mobile Fitness Tracker.Android\Mobile Fitness Tracker.Android.csproj", "{F3873E0E-C9AA-49F9-9CF4-FC22D243AA71}"
EndProject
Project("{FAE04EC0-301F-11D3-BF4B-00C04F79EFBC}") = "Mobile Fitness Tracker.iOS", "Mobile Fitness Tracker.iOS\Mobile Fitness Tracker.iOS.csproj", "{A72D2210-84B6-4518-9A30-7FE6C0FD0AB0}"
EndProject
Project("{FAE04EC0-301F-11D3-BF4B-00C04F79EFBC}") = "Mobile Fitness Tracker", "Mobile Fitness Tracker\Mobile Fitness Tracker.csproj", "{A2F0104E-BC85-470D-9FF2-46BA5CD9DCE8}"
EndProject
Global
	GlobalSection(SolutionConfigurationPlatforms) = preSolution
		Debug|Any CPU = Debug|Any CPU
		Debug|iPhone = Debug|iPhone
		Debug|iPhoneSimulator = Debug|iPhoneSimulator
		Release|Any CPU = Release|Any CPU
		Release|iPhone = Release|iPhone
		Release|iPhoneSimulator = Release|iPhoneSimulator
	EndGlobalSection
	GlobalSection(ProjectConfigurationPlatforms) = postSolution
		{F3873E0E-C9AA-49F9-9CF4-FC22D243AA71}.Debug|Any CPU.ActiveCfg = Debug|Any CPU
		{F3873E0E-C9AA-49F9-9CF4-FC22D243AA71}.Debug|Any CPU.Build.0 = Debug|Any CPU
		{F3873E0E-C9AA-49F9-9CF4-FC22D243AA71}.Debug|Any CPU.Deploy.0 = Debug|Any CPU
		{F3873E0E-C9AA-49F9-9CF4-FC22D243AA71}.Debug|iPhone.ActiveCfg = Debug|Any CPU
		{F3873E0E-C9AA-49F9-9CF4-FC22D243AA71}.Debug|iPhone.Build.0 = Debug|Any CPU
		{F3873E0E-C9AA-49F9-9CF4-FC22D243AA71}.Debug|iPhone.Deploy.0 = Debug|Any CPU
		{F3873E0E-C9AA-49F9-9CF4-FC22D243AA71}.Debug|iPhoneSimulator.ActiveCfg = Debug|Any CPU
		{F3873E0E-C9AA-49F9-9CF4-FC22D243AA71}.Debug|iPhoneSimulator.Build.0 = Debug|Any CPU
		{F3873E0E-C9AA-49F9-9CF4-FC22D243AA71}.Debug|iPhoneSimulator.Deploy.0 = Debug|Any CPU
		{F3873E0E-C9AA-49F9-9CF4-FC22D243AA71}.Release|Any CPU.ActiveCfg = Release|Any CPU
		{F3873E0E-C9AA-49F9-9CF4-FC22D243AA71}.Release|Any CPU.Build.0 = Release|Any CPU
		{F3873E0E-C9AA-49F9-9CF4-FC22D243AA71}.Release|Any CPU.Deploy.0 = Release|Any CPU
		{F3873E0E-C9AA-49F9-9CF4-FC22D243AA71}.Release|iPhone.ActiveCfg = Release|Any CPU
		{F3873E0E-C9AA-49F9-9CF4-FC22D243AA71}.Release|iPhone.Build.0 = Release|Any CPU
		{F3873E0E-C9AA-49F9-9CF4-FC22D243AA71}.Release|iPhone.Deploy.0 = Release|Any CPU
		{F3873E0E-C9AA-49F9-9CF4-FC22D243AA71}.Release|iPhoneSimulator.ActiveCfg = Release|Any CPU
		{F3873E0E-C9AA-49F9-9CF4-FC22D243AA71}.Release|iPhoneSimulator.Build.0 = Release|Any CPU
		{F3873E0E-C9AA-49F9-9CF4-FC22D243AA71}.Release|iPhoneSimulator.Deploy.0 = Release|Any CPU
		{A72D2210-84B6-4518-9A30-7FE6C0FD0AB0}.Debug|Any CPU.ActiveCfg = Debug|iPhone
		{A72D2210-84B6-4518-9A30-7FE6C0FD0AB0}.Debug|Any CPU.Build.0 = Debug|iPhone
		{A72D2210-84B6-4518-9A30-7FE6C0FD0AB0}.Debug|Any CPU.Deploy.0 = Debug|iPhone
		{A72D2210-84B6-4518-9A30-7FE6C0FD0AB0}.Debug|iPhone.ActiveCfg = Debug|iPhone
		{A72D2210-84B6-4518-9A30-7FE6C0FD0AB0}.Debug|iPhone.Build.0 = Debug|iPhone
		{A72D2210-84B6-4518-9A30-7FE6C0FD0AB0}.Debug|iPhone.Deploy.0 = Debug|iPhone
		{A72D2210-84B6-4518-9A30-7FE6C0FD0AB0}.Debug|iPhoneSimulator.ActiveCfg = Debug|iPhoneSimulator
		{A72D2210-84B6-4518-9A30-7FE6C0FD0AB0}.Debug|iPhoneSimulator.Build.0 = Debug|iPhoneSimulator
		{A72D2210-84B6-4518-9A30-7FE6C0FD0AB0}.Debug|iPhoneSimulator.Deploy.0 = Debug|iPhoneSimulator
		{A72D2210-84B6-4518-9A30-7FE6C0FD0AB0}.Release|Any CPU.ActiveCfg = Release|iPhoneSimulator
		{A72D2210-84B6-4518-9A30-7FE6C0FD0AB0}.Release|Any CPU.Build.0 = Release|iPhoneSimulator
		{A72D2210-84B6-4518-9A30-7FE6C0FD0AB0}.Release|Any CPU.Deploy.0 = Release|iPhoneSimulator
		{A72D2210-84B6-4518-9A30-7FE6C0FD0AB0}.Release|iPhone.ActiveCfg = Release|iPhone
		{A72D2210-84B6-4518-9A30-7FE6C0FD0AB0}.Release|iPhone.Build.0 = Release|iPhone
		{A72D2210-84B6-4518-9A30-7FE6C0FD0AB0}.Release|iPhone.Deploy.0 = Release|iPhone
		{A72D2210-84B6-4518-9A30-7FE6C0FD0AB0}.Release|iPhoneSimulator.ActiveCfg = Release|iPhoneSimulator
		{A72D2210-84B6-4518-9A30-7FE6C0FD0AB0}.Release|iPhoneSimulator.Build.0 = Release|iPhoneSimulator
		{A72D2210-84B6-4518-9A30-7FE6C0FD0AB0}.Release|iPhoneSimulator.Deploy.0 = Release|iPhoneSimulator
		{A2F0104E-BC85-470D-9FF2-46BA5CD9DCE8}.Debug|Any CPU.ActiveCfg = Debug|Any CPU
		{A2F0104E-BC85-470D-9FF2-46BA5CD9DCE8}.Debug|Any CPU.Build.0 = Debug|Any CPU
		{A2F0104E-BC85-470D-9FF2-46BA5CD9DCE8}.Debug|Any CPU.Deploy.0 = Debug|Any CPU
		{A2F0104E-BC85-470D-9FF2-46BA5CD9DCE8}.Debug|iPhone.ActiveCfg = Debug|Any CPU
		{A2F0104E-BC85-470D-9FF2-46BA5CD9DCE8}.Debug|iPhone.Build.0 = Debug|Any CPU
		{A2F0104E-BC85-470D-9FF2-46BA5CD9DCE8}.Debug|iPhone.Deploy.0 = Debug|Any CPU
		{A2F0104E-BC85-470D-9FF2-46BA5CD9DCE8}.Debug|iPhoneSimulator.ActiveCfg = Debug|Any CPU
		{A2F0104E-BC85-470D-9FF2-46BA5CD9DCE8}.Debug|iPhoneSimulator.Build.0 = Debug|Any CPU
		{A2F0104E-BC85-470D-9FF2-46BA5CD9DCE8}.Debug|iPhoneSimulator.Deploy.0 = Debug|Any CPU
		{A2F0104E-BC85-470D-9FF2-46BA5CD9DCE8}.Release|Any CPU.ActiveCfg = Release|Any CPU
		{A2F0104E-BC85-470D-9FF2-46BA5CD9DCE8}.Release|Any CPU.Build.0 = Release|Any CPU
		{A2F0104E-BC85-470D-9FF2-46BA5CD9DCE8}.Release|Any CPU.Deploy.0 = Release|Any CPU
		{A2F0104E-BC85-470D-9FF2-46BA5CD9DCE8}.Release|iPhone.ActiveCfg = Release|Any CPU
		{A2F0104E-BC85-470D-9FF2-46BA5CD9DCE8}.Release|iPhone.Build.0 = Release|Any CPU
		{A2F0104E-BC85-470D-9FF2-46BA5CD9DCE8}.Release|iPhone.Deploy.0 = Release|Any CPU
		{A2F0104E-BC85-470D-9FF2-46BA5CD9DCE8}.Release|iPhoneSimulator.ActiveCfg = Release|Any CPU
		{A2F0104E-BC85-470D-9FF2-46BA5CD9DCE8}.Release|iPhoneSimulator.Build.0 = Release|Any CPU
		{A2F0104E-BC85-470D-9FF2-46BA5CD9DCE8}.Release|iPhoneSimulator.Deploy.0 = Release|Any CPU
	EndGlobalSection
	GlobalSection(SolutionProperties) = preSolution
		HideSolutionNode = FALSE
	EndGlobalSection
	GlobalSection(ExtensibilityGlobals) = postSolution
		SolutionGuid = {CA69FDEA-CA75-45A1-91EE-CE8AA0A8C3F0}
	EndGlobalSection
EndGlobal
